
Microsoft Visual Studio Solution File, Format Version 12.00
# Visual Studio 15
VisualStudioVersion = 15.0.27703.2042
MinimumVisualStudioVersion = 10.0.40219.1
Project("{FAE04EC0-301F-11D3-BF4B-00C04F79EFBC}") = "DotNetCoreApiWithMiddleware", "DotNetCoreApiWithMiddleware\DotNetCoreApiWithMiddleware.csproj", "{056D2BD5-0097-4AB0-948E-F30DE91B7ED5}"
EndProject
Project("{2150E333-8FDC-42A3-9474-1A3956D46DE8}") = "Solution Items", "Solution Items", "{EBF6DFAB-2B86-4ADA-BD37-82BF0296F27F}"
	ProjectSection(SolutionItems) = preProject
		README.md = README.md
	EndProjectSection
EndProject
Global
	GlobalSection(SolutionConfigurationPlatforms) = preSolution
		Debug|Any CPU = Debug|Any CPU
		Release|Any CPU = Release|Any CPU
	EndGlobalSection
	GlobalSection(ProjectConfigurationPlatforms) = postSolution
		{056D2BD5-0097-4AB0-948E-F30DE91B7ED5}.Debug|Any CPU.ActiveCfg = Debug|Any CPU
		{056D2BD5-0097-4AB0-948E-F30DE91B7ED5}.Debug|Any CPU.Build.0 = Debug|Any CPU
		{056D2BD5-0097-4AB0-948E-F30DE91B7ED5}.Release|Any CPU.ActiveCfg = Release|Any CPU
		{056D2BD5-0097-4AB0-948E-F30DE91B7ED5}.Release|Any CPU.Build.0 = Release|Any CPU
	EndGlobalSection
	GlobalSection(SolutionProperties) = preSolution
		HideSolutionNode = FALSE
	EndGlobalSection
	GlobalSection(ExtensibilityGlobals) = postSolution
		SolutionGuid = {6B6221C3-C780-4AE7-9724-D63F203A7CBB}
	EndGlobalSection
EndGlobal
